// !$*UTF8*$!
{
	archiveVersion = 1;
	classes = {
	};
	objectVersion = 56;
	objects = {

/* Begin PBXBuildFile section */
		E8A5A8C32C431A1800BA950D /* AppDelegate.swift in Sources */ = {isa = PBXBuildFile; fileRef = E8A5A8C22C431A1800BA950D /* AppDelegate.swift */; };
		E8A5A8C52C431A1800BA950D /* SceneDelegate.swift in Sources */ = {isa = PBXBuildFile; fileRef = E8A5A8C42C431A1800BA950D /* SceneDelegate.swift */; };
		E8A5A8CC2C431A1A00BA950D /* Assets.xcassets in Resources */ = {isa = PBXBuildFile; fileRef = E8A5A8CB2C431A1A00BA950D /* Assets.xcassets */; };
		E8A5A8CF2C431A1A00BA950D /* Base in Resources */ = {isa = PBXBuildFile; fileRef = E8A5A8CE2C431A1A00BA950D /* Base */; };
		E8FAC3F62C43D912005FB3EB /* TerminalViewController.swift in Sources */ = {isa = PBXBuildFile; fileRef = E8FAC3F52C43D912005FB3EB /* TerminalViewController.swift */; };
		E8FAC3F82C43D91C005FB3EB /* TerminalView.swift in Sources */ = {isa = PBXBuildFile; fileRef = E8FAC3F72C43D91C005FB3EB /* TerminalView.swift */; };
		E8FAC3FA2C43D92A005FB3EB /* TerminalModel.swift in Sources */ = {isa = PBXBuildFile; fileRef = E8FAC3F92C43D92A005FB3EB /* TerminalModel.swift */; };
		E8FAC3FC2C43DAA8005FB3EB /* SecondVC.swift in Sources */ = {isa = PBXBuildFile; fileRef = E8FAC3FB2C43DAA8005FB3EB /* SecondVC.swift */; };
/* End PBXBuildFile section */

/* Begin PBXFileReference section */
		E8A5A8BF2C431A1800BA950D /* RetroTermX.app */ = {isa = PBXFileReference; explicitFileType = wrapper.application; includeInIndex = 0; path = RetroTermX.app; sourceTree = BUILT_PRODUCTS_DIR; };
		E8A5A8C22C431A1800BA950D /* AppDelegate.swift */ = {isa = PBXFileReference; lastKnownFileType = sourcecode.swift; path = AppDelegate.swift; sourceTree = "<group>"; };
		E8A5A8C42C431A1800BA950D /* SceneDelegate.swift */ = {isa = PBXFileReference; lastKnownFileType = sourcecode.swift; path = SceneDelegate.swift; sourceTree = "<group>"; };
		E8A5A8CB2C431A1A00BA950D /* Assets.xcassets */ = {isa = PBXFileReference; lastKnownFileType = folder.assetcatalog; path = Assets.xcassets; sourceTree = "<group>"; };
		E8A5A8CE2C431A1A00BA950D /* Base */ = {isa = PBXFileReference; lastKnownFileType = file.storyboard; name = Base; path = Base.lproj/LaunchScreen.storyboard; sourceTree = "<group>"; };
		E8A5A8D02C431A1A00BA950D /* Info.plist */ = {isa = PBXFileReference; lastKnownFileType = text.plist.xml; path = Info.plist; sourceTree = "<group>"; };
		E8FAC3F52C43D912005FB3EB /* TerminalViewController.swift */ = {isa = PBXFileReference; lastKnownFileType = sourcecode.swift; path = TerminalViewController.swift; sourceTree = "<group>"; };
		E8FAC3F72C43D91C005FB3EB /* TerminalView.swift */ = {isa = PBXFileReference; lastKnownFileType = sourcecode.swift; path = TerminalView.swift; sourceTree = "<group>"; };
		E8FAC3F92C43D92A005FB3EB /* TerminalModel.swift */ = {isa = PBXFileReference; lastKnownFileType = sourcecode.swift; path = TerminalModel.swift; sourceTree = "<group>"; };
		E8FAC3FB2C43DAA8005FB3EB /* SecondVC.swift */ = {isa = PBXFileReference; lastKnownFileType = sourcecode.swift; path = SecondVC.swift; sourceTree = "<group>"; };
/* End PBXFileReference section */

/* Begin PBXFrameworksBuildPhase section */
		E8A5A8BC2C431A1800BA950D /* Frameworks */ = {
			isa = PBXFrameworksBuildPhase;
			buildActionMask = 2147483647;
			files = (
			);
			runOnlyForDeploymentPostprocessing = 0;
		};
/* End PBXFrameworksBuildPhase section */

/* Begin PBXGroup section */
		E8A5A8B62C431A1800BA950D = {
			isa = PBXGroup;
			children = (
				E8A5A8C12C431A1800BA950D /* RetroTermX */,
				E8A5A8C02C431A1800BA950D /* Products */,
			);
			sourceTree = "<group>";
		};
		E8A5A8C02C431A1800BA950D /* Products */ = {
			isa = PBXGroup;
			children = (
				E8A5A8BF2C431A1800BA950D /* RetroTermX.app */,
			);
			name = Products;
			sourceTree = "<group>";
		};
		E8A5A8C12C431A1800BA950D /* RetroTermX */ = {
			isa = PBXGroup;
			children = (
				E8A5A8C22C431A1800BA950D /* AppDelegate.swift */,
				E8A5A8C42C431A1800BA950D /* SceneDelegate.swift */,
				E8FAC3FD2C43DB6F005FB3EB /* Model */,
				E8FAC3FE2C43DB76005FB3EB /* Views */,
				E8FAC3FF2C43DB7D005FB3EB /* Controllers */,
				E8A5A8CB2C431A1A00BA950D /* Assets.xcassets */,
				E8A5A8CD2C431A1A00BA950D /* LaunchScreen.storyboard */,
				E8A5A8D02C431A1A00BA950D /* Info.plist */,
			);
			path = RetroTermX;
			sourceTree = "<group>";
		};
		E8FAC3FD2C43DB6F005FB3EB /* Model */ = {
			isa = PBXGroup;
			children = (
				E8FAC3F92C43D92A005FB3EB /* TerminalModel.swift */,
			);
			path = Model;
			sourceTree = "<group>";
		};
		E8FAC3FE2C43DB76005FB3EB /* Views */ = {
			isa = PBXGroup;
			children = (
				E8FAC3F72C43D91C005FB3EB /* TerminalView.swift */,
			);
			path = Views;
			sourceTree = "<group>";
		};
		E8FAC3FF2C43DB7D005FB3EB /* Controllers */ = {
			isa = PBXGroup;
			children = (
				E8FAC3F52C43D912005FB3EB /* TerminalViewController.swift */,
				E8FAC3FB2C43DAA8005FB3EB /* SecondVC.swift */,
			);
			path = Controllers;
			sourceTree = "<group>";
		};
/* End PBXGroup section */

/* Begin PBXNativeTarget section */
		E8A5A8BE2C431A1800BA950D /* RetroTermX */ = {
			isa = PBXNativeTarget;
			buildConfigurationList = E8A5A8D32C431A1A00BA950D /* Build configuration list for PBXNativeTarget "RetroTermX" */;
			buildPhases = (
				E8A5A8BB2C431A1800BA950D /* Sources */,
				E8A5A8BC2C431A1800BA950D /* Frameworks */,
				E8A5A8BD2C431A1800BA950D /* Resources */,
			);
			buildRules = (
			);
			dependencies = (
			);
			name = RetroTermX;
			productName = RetroTermX;
			productReference = E8A5A8BF2C431A1800BA950D /* RetroTermX.app */;
			productType = "com.apple.product-type.application";
		};
/* End PBXNativeTarget section */

/* Begin PBXProject section */
		E8A5A8B72C431A1800BA950D /* Project object */ = {
			isa = PBXProject;
			attributes = {
				BuildIndependentTargetsInParallel = 1;
				LastSwiftUpdateCheck = 1540;
				LastUpgradeCheck = 1540;
				TargetAttributes = {
					E8A5A8BE2C431A1800BA950D = {
						CreatedOnToolsVersion = 15.4;
					};
				};
			};
			buildConfigurationList = E8A5A8BA2C431A1800BA950D /* Build configuration list for PBXProject "RetroTermX" */;
			compatibilityVersion = "Xcode 14.0";
			developmentRegion = en;
			hasScannedForEncodings = 0;
			knownRegions = (
				en,
				Base,
			);
			mainGroup = E8A5A8B62C431A1800BA950D;
			productRefGroup = E8A5A8C02C431A1800BA950D /* Products */;
			projectDirPath = "";
			projectRoot = "";
			targets = (
				E8A5A8BE2C431A1800BA950D /* RetroTermX */,
			);
		};
/* End PBXProject section */

/* Begin PBXResourcesBuildPhase section */
		E8A5A8BD2C431A1800BA950D /* Resources */ = {
			isa = PBXResourcesBuildPhase;
			buildActionMask = 2147483647;
			files = (
				E8A5A8CC2C431A1A00BA950D /* Assets.xcassets in Resources */,
				E8A5A8CF2C431A1A00BA950D /* Base in Resources */,
			);
			runOnlyForDeploymentPostprocessing = 0;
		};
/* End PBXResourcesBuildPhase section */

/* Begin PBXSourcesBuildPhase section */
		E8A5A8BB2C431A1800BA950D /* Sources */ = {
			isa = PBXSourcesBuildPhase;
			buildActionMask = 2147483647;
			files = (
				E8FAC3FA2C43D92A005FB3EB /* TerminalModel.swift in Sources */,
				E8FAC3F82C43D91C005FB3EB /* TerminalView.swift in Sources */,
				E8FAC3FC2C43DAA8005FB3EB /* SecondVC.swift in Sources */,
				E8A5A8C32C431A1800BA950D /* AppDelegate.swift in Sources */,
				E8A5A8C52C431A1800BA950D /* SceneDelegate.swift in Sources */,
				E8FAC3F62C43D912005FB3EB /* TerminalViewController.swift in Sources */,
			);
			runOnlyForDeploymentPostprocessing = 0;
		};
/* End PBXSourcesBuildPhase section */

/* Begin PBXVariantGroup section */
		E8A5A8CD2C431A1A00BA950D /* LaunchScreen.storyboard */ = {
			isa = PBXVariantGroup;
			children = (
				E8A5A8CE2C431A1A00BA950D /* Base */,
			);
			name = LaunchScreen.storyboard;
			sourceTree = "<group>";
		};
/* End PBXVariantGroup section */

/* Begin XCBuildConfiguration section */
		E8A5A8D12C431A1A00BA950D /* Debug */ = {
			isa = XCBuildConfiguration;
			buildSettings = {
				ALWAYS_SEARCH_USER_PATHS = NO;
				ASSETCATALOG_COMPILER_GENERATE_SWIFT_ASSET_SYMBOL_EXTENSIONS = YES;
				CLANG_ANALYZER_NONNULL = YES;
				CLANG_ANALYZER_NUMBER_OBJECT_CONVERSION = YES_AGGRESSIVE;
				CLANG_CXX_LANGUAGE_STANDARD = "gnu++20";
				CLANG_ENABLE_MODULES = YES;
				CLANG_ENABLE_OBJC_ARC = YES;
				CLANG_ENABLE_OBJC_WEAK = YES;
				CLANG_WARN_BLOCK_CAPTURE_AUTORELEASING = YES;
				CLANG_WARN_BOOL_CONVERSION = YES;
				CLANG_WARN_COMMA = YES;
				CLANG_WARN_CONSTANT_CONVERSION = YES;
				CLANG_WARN_DEPRECATED_OBJC_IMPLEMENTATIONS = YES;
				CLANG_WARN_DIRECT_OBJC_ISA_USAGE = YES_ERROR;
				CLANG_WARN_DOCUMENTATION_COMMENTS = YES;
				CLANG_WARN_EMPTY_BODY = YES;
				CLANG_WARN_ENUM_CONVERSION = YES;
				CLANG_WARN_INFINITE_RECURSION = YES;
				CLANG_WARN_INT_CONVERSION = YES;
				CLANG_WARN_NON_LITERAL_NULL_CONVERSION = YES;
				CLANG_WARN_OBJC_IMPLICIT_RETAIN_SELF = YES;
				CLANG_WARN_OBJC_LITERAL_CONVERSION = YES;
				CLANG_WARN_OBJC_ROOT_CLASS = YES_ERROR;
				CLANG_WARN_QUOTED_INCLUDE_IN_FRAMEWORK_HEADER = YES;
				CLANG_WARN_RANGE_LOOP_ANALYSIS = YES;
				CLANG_WARN_STRICT_PROTOTYPES = YES;
				CLANG_WARN_SUSPICIOUS_MOVE = YES;
				CLANG_WARN_UNGUARDED_AVAILABILITY = YES_AGGRESSIVE;
				CLANG_WARN_UNREACHABLE_CODE = YES;
				CLANG_WARN__DUPLICATE_METHOD_MATCH = YES;
				COPY_PHASE_STRIP = NO;
				DEBUG_INFORMATION_FORMAT = dwarf;
				ENABLE_STRICT_OBJC_MSGSEND = YES;
				ENABLE_TESTABILITY = YES;
				ENABLE_USER_SCRIPT_SANDBOXING = YES;
				GCC_C_LANGUAGE_STANDARD = gnu17;
				GCC_DYNAMIC_NO_PIC = NO;
				GCC_NO_COMMON_BLOCKS = YES;
				GCC_OPTIMIZATION_LEVEL = 0;
				GCC_PREPROCESSOR_DEFINITIONS = (
					"DEBUG=1",
					"$(inherited)",
				);
				GCC_WARN_64_TO_32_BIT_CONVERSION = YES;
				GCC_WARN_ABOUT_RETURN_TYPE = YES_ERROR;
				GCC_WARN_UNDECLARED_SELECTOR = YES;
				GCC_WARN_UNINITIALIZED_AUTOS = YES_AGGRESSIVE;
				GCC_WARN_UNUSED_FUNCTION = YES;
				GCC_WARN_UNUSED_VARIABLE = YES;
				IPHONEOS_DEPLOYMENT_TARGET = 17.5;
				LOCALIZATION_PREFERS_STRING_CATALOGS = YES;
				MTL_ENABLE_DEBUG_INFO = INCLUDE_SOURCE;
				MTL_FAST_MATH = YES;
				ONLY_ACTIVE_ARCH = YES;
				SDKROOT = iphoneos;
				SWIFT_ACTIVE_COMPILATION_CONDITIONS = "DEBUG $(inherited)";
				SWIFT_OPTIMIZATION_LEVEL = "-Onone";
			};
			name = Debug;
		};
		E8A5A8D22C431A1A00BA950D /* Release */ = {
			isa = XCBuildConfiguration;
			buildSettings = {
				ALWAYS_SEARCH_USER_PATHS = NO;
				ASSETCATALOG_COMPILER_GENERATE_SWIFT_ASSET_SYMBOL_EXTENSIONS = YES;
				CLANG_ANALYZER_NONNULL = YES;
				CLANG_ANALYZER_NUMBER_OBJECT_CONVERSION = YES_AGGRESSIVE;
				CLANG_CXX_LANGUAGE_STANDARD = "gnu++20";
				CLANG_ENABLE_MODULES = YES;
				CLANG_ENABLE_OBJC_ARC = YES;
				CLANG_ENABLE_OBJC_WEAK = YES;
				CLANG_WARN_BLOCK_CAPTURE_AUTORELEASING = YES;
				CLANG_WARN_BOOL_CONVERSION = YES;
				CLANG_WARN_COMMA = YES;
				CLANG_WARN_CONSTANT_CONVERSION = YES;
				CLANG_WARN_DEPRECATED_OBJC_IMPLEMENTATIONS = YES;
				CLANG_WARN_DIRECT_OBJC_ISA_USAGE = YES_ERROR;
				CLANG_WARN_DOCUMENTATION_COMMENTS = YES;
				CLANG_WARN_EMPTY_BODY = YES;
				CLANG_WARN_ENUM_CONVERSION = YES;
				CLANG_WARN_INFINITE_RECURSION = YES;
				CLANG_WARN_INT_CONVERSION = YES;
				CLANG_WARN_NON_LITERAL_NULL_CONVERSION = YES;
				CLANG_WARN_OBJC_IMPLICIT_RETAIN_SELF = YES;
				CLANG_WARN_OBJC_LITERAL_CONVERSION = YES;
				CLANG_WARN_OBJC_ROOT_CLASS = YES_ERROR;
				CLANG_WARN_QUOTED_INCLUDE_IN_FRAMEWORK_HEADER = YES;
				CLANG_WARN_RANGE_LOOP_ANALYSIS = YES;
				CLANG_WARN_STRICT_PROTOTYPES = YES;
				CLANG_WARN_SUSPICIOUS_MOVE = YES;
				CLANG_WARN_UNGUARDED_AVAILABILITY = YES_AGGRESSIVE;
				CLANG_WARN_UNREACHABLE_CODE = YES;
				CLANG_WARN__DUPLICATE_METHOD_MATCH = YES;
				COPY_PHASE_STRIP = NO;
				DEBUG_INFORMATION_FORMAT = "dwarf-with-dsym";
				ENABLE_NS_ASSERTIONS = NO;
				ENABLE_STRICT_OBJC_MSGSEND = YES;
				ENABLE_USER_SCRIPT_SANDBOXING = YES;
				GCC_C_LANGUAGE_STANDARD = gnu17;
				GCC_NO_COMMON_BLOCKS = YES;
				GCC_WARN_64_TO_32_BIT_CONVERSION = YES;
				GCC_WARN_ABOUT_RETURN_TYPE = YES_ERROR;
				GCC_WARN_UNDECLARED_SELECTOR = YES;
				GCC_WARN_UNINITIALIZED_AUTOS = YES_AGGRESSIVE;
				GCC_WARN_UNUSED_FUNCTION = YES;
				GCC_WARN_UNUSED_VARIABLE = YES;
				IPHONEOS_DEPLOYMENT_TARGET = 17.5;
				LOCALIZATION_PREFERS_STRING_CATALOGS = YES;
				MTL_ENABLE_DEBUG_INFO = NO;
				MTL_FAST_MATH = YES;
				SDKROOT = iphoneos;
				SWIFT_COMPILATION_MODE = wholemodule;
				VALIDATE_PRODUCT = YES;
			};
			name = Release;
		};
		E8A5A8D42C431A1A00BA950D /* Debug */ = {
			isa = XCBuildConfiguration;
			buildSettings = {
				ASSETCATALOG_COMPILER_APPICON_NAME = AppIcon;
				ASSETCATALOG_COMPILER_GLOBAL_ACCENT_COLOR_NAME = AccentColor;
				CODE_SIGN_STYLE = Automatic;
				CURRENT_PROJECT_VERSION = 1;
				DEVELOPMENT_TEAM = KRS4A3VCQQ;
				GENERATE_INFOPLIST_FILE = YES;
				INFOPLIST_FILE = RetroTermX/Info.plist;
				INFOPLIST_KEY_UIApplicationSupportsIndirectInputEvents = YES;
				INFOPLIST_KEY_UILaunchStoryboardName = LaunchScreen;
				INFOPLIST_KEY_UISupportedInterfaceOrientations_iPad = "UIInterfaceOrientationPortrait UIInterfaceOrientationPortraitUpsideDown UIInterfaceOrientationLandscapeLeft UIInterfaceOrientationLandscapeRight";
				INFOPLIST_KEY_UISupportedInterfaceOrientations_iPhone = "UIInterfaceOrientationPortrait UIInterfaceOrientationLandscapeLeft UIInterfaceOrientationLandscapeRight";
				LD_RUNPATH_SEARCH_PATHS = (
					"$(inherited)",
					"@executable_path/Frameworks",
				);
				MARKETING_VERSION = 1.0;
				PRODUCT_BUNDLE_IDENTIFIER = aidinahmadian.Stocks.RetroTermX;
				PRODUCT_NAME = "$(TARGET_NAME)";
				SWIFT_EMIT_LOC_STRINGS = YES;
				SWIFT_VERSION = 5.0;
				TARGETED_DEVICE_FAMILY = "1,2";
			};
			name = Debug;
		};
		E8A5A8D52C431A1A00BA950D /* Release */ = {
			isa = XCBuildConfiguration;
			buildSettings = {
				ASSETCATALOG_COMPILER_APPICON_NAME = AppIcon;
				ASSETCATALOG_COMPILER_GLOBAL_ACCENT_COLOR_NAME = AccentColor;
				CODE_SIGN_STYLE = Automatic;
				CURRENT_PROJECT_VERSION = 1;
				DEVELOPMENT_TEAM = KRS4A3VCQQ;
				GENERATE_INFOPLIST_FILE = YES;
				INFOPLIST_FILE = RetroTermX/Info.plist;
				INFOPLIST_KEY_UIApplicationSupportsIndirectInputEvents = YES;
				INFOPLIST_KEY_UILaunchStoryboardName = LaunchScreen;
				INFOPLIST_KEY_UISupportedInterfaceOrientations_iPad = "UIInterfaceOrientationPortrait UIInterfaceOrientationPortraitUpsideDown UIInterfaceOrientationLandscapeLeft UIInterfaceOrientationLandscapeRight";
				INFOPLIST_KEY_UISupportedInterfaceOrientations_iPhone = "UIInterfaceOrientationPortrait UIInterfaceOrientationLandscapeLeft UIInterfaceOrientationLandscapeRight";
				LD_RUNPATH_SEARCH_PATHS = (
					"$(inherited)",
					"@executable_path/Frameworks",
				);
				MARKETING_VERSION = 1.0;
				PRODUCT_BUNDLE_IDENTIFIER = aidinahmadian.Stocks.RetroTermX;
				PRODUCT_NAME = "$(TARGET_NAME)";
				SWIFT_EMIT_LOC_STRINGS = YES;
				SWIFT_VERSION = 5.0;
				TARGETED_DEVICE_FAMILY = "1,2";
			};
			name = Release;
		};
/* End XCBuildConfiguration section */

/* Begin XCConfigurationList section */
		E8A5A8BA2C431A1800BA950D /* Build configuration list for PBXProject "RetroTermX" */ = {
			isa = XCConfigurationList;
			buildConfigurations = (
				E8A5A8D12C431A1A00BA950D /* Debug */,
				E8A5A8D22C431A1A00BA950D /* Release */,
			);
			defaultConfigurationIsVisible = 0;
			defaultConfigurationName = Release;
		};
		E8A5A8D32C431A1A00BA950D /* Build configuration list for PBXNativeTarget "RetroTermX" */ = {
			isa = XCConfigurationList;
			buildConfigurations = (
				E8A5A8D42C431A1A00BA950D /* Debug */,
				E8A5A8D52C431A1A00BA950D /* Release */,
			);
			defaultConfigurationIsVisible = 0;
			defaultConfigurationName = Release;
		};
/* End XCConfigurationList section */
	};
	rootObject = E8A5A8B72C431A1800BA950D /* Project object */;
}
